
Microsoft Visual Studio Solution File, Format Version 12.00
# Visual Studio 2012
Project("{D954291E-2A0B-460D-934E-DC6B0785DB48}") = "Cards", "Cards\Cards.shproj", "{FDCA3D2C-3528-45F8-9CFB-4D6531896755}"
EndProject
Project("{FAE04EC0-301F-11D3-BF4B-00C04F79EFBC}") = "Cards.iOS", "iOS\Cards.iOS.csproj", "{5601B08F-3B37-4A49-AE8A-2383A48B2F33}"
EndProject
Project("{FAE04EC0-301F-11D3-BF4B-00C04F79EFBC}") = "Cards.Droid", "Droid\Cards.Droid.csproj", "{C31ED283-D630-41CB-95DE-79B326495FF5}"
EndProject
Global
	GlobalSection(SolutionConfigurationPlatforms) = preSolution
		Debug|iPhoneSimulator = Debug|iPhoneSimulator
		Release|iPhone = Release|iPhone
		Release|iPhoneSimulator = Release|iPhoneSimulator
		Debug|iPhone = Debug|iPhone
		Debug|Any CPU = Debug|Any CPU
		Release|Any CPU = Release|Any CPU
	EndGlobalSection
	GlobalSection(ProjectConfigurationPlatforms) = postSolution
		{5601B08F-3B37-4A49-AE8A-2383A48B2F33}.Debug|Any CPU.ActiveCfg = Debug|iPhoneSimulator
		{5601B08F-3B37-4A49-AE8A-2383A48B2F33}.Debug|Any CPU.Build.0 = Debug|iPhoneSimulator
		{5601B08F-3B37-4A49-AE8A-2383A48B2F33}.Debug|iPhone.ActiveCfg = Debug|iPhone
		{5601B08F-3B37-4A49-AE8A-2383A48B2F33}.Debug|iPhone.Build.0 = Debug|iPhone
		{5601B08F-3B37-4A49-AE8A-2383A48B2F33}.Debug|iPhoneSimulator.ActiveCfg = Debug|iPhoneSimulator
		{5601B08F-3B37-4A49-AE8A-2383A48B2F33}.Debug|iPhoneSimulator.Build.0 = Debug|iPhoneSimulator
		{5601B08F-3B37-4A49-AE8A-2383A48B2F33}.Release|Any CPU.ActiveCfg = Release|iPhone
		{5601B08F-3B37-4A49-AE8A-2383A48B2F33}.Release|Any CPU.Build.0 = Release|iPhone
		{5601B08F-3B37-4A49-AE8A-2383A48B2F33}.Release|iPhone.ActiveCfg = Release|iPhone
		{5601B08F-3B37-4A49-AE8A-2383A48B2F33}.Release|iPhone.Build.0 = Release|iPhone
		{5601B08F-3B37-4A49-AE8A-2383A48B2F33}.Release|iPhoneSimulator.ActiveCfg = Release|iPhoneSimulator
		{5601B08F-3B37-4A49-AE8A-2383A48B2F33}.Release|iPhoneSimulator.Build.0 = Release|iPhoneSimulator
		{C31ED283-D630-41CB-95DE-79B326495FF5}.Debug|Any CPU.ActiveCfg = Debug|Any CPU
		{C31ED283-D630-41CB-95DE-79B326495FF5}.Debug|Any CPU.Build.0 = Debug|Any CPU
		{C31ED283-D630-41CB-95DE-79B326495FF5}.Debug|iPhone.ActiveCfg = Debug|Any CPU
		{C31ED283-D630-41CB-95DE-79B326495FF5}.Debug|iPhone.Build.0 = Debug|Any CPU
		{C31ED283-D630-41CB-95DE-79B326495FF5}.Debug|iPhoneSimulator.ActiveCfg = Debug|Any CPU
		{C31ED283-D630-41CB-95DE-79B326495FF5}.Debug|iPhoneSimulator.Build.0 = Debug|Any CPU
		{C31ED283-D630-41CB-95DE-79B326495FF5}.Release|Any CPU.ActiveCfg = Release|Any CPU
		{C31ED283-D630-41CB-95DE-79B326495FF5}.Release|Any CPU.Build.0 = Release|Any CPU
		{C31ED283-D630-41CB-95DE-79B326495FF5}.Release|iPhone.ActiveCfg = Release|Any CPU
		{C31ED283-D630-41CB-95DE-79B326495FF5}.Release|iPhone.Build.0 = Release|Any CPU
		{C31ED283-D630-41CB-95DE-79B326495FF5}.Release|iPhoneSimulator.ActiveCfg = Release|Any CPU
		{C31ED283-D630-41CB-95DE-79B326495FF5}.Release|iPhoneSimulator.Build.0 = Release|Any CPU
	EndGlobalSection
EndGlobal
